
Microsoft Visual Studio Solution File, Format Version 12.00
# Visual Studio Version 17
VisualStudioVersion = 17.5.002.0
MinimumVisualStudioVersion = 10.0.40219.1
Project("{9A19103F-16F7-4668-BE54-9A1E7A4F7556}") = "api_noticias", "api_noticias.csproj", "{FF7A8985-A239-4383-B08B-50D045FC0DBC}"
EndProject
Global
	GlobalSection(SolutionConfigurationPlatforms) = preSolution
		Debug|Any CPU = Debug|Any CPU
		Release|Any CPU = Release|Any CPU
	EndGlobalSection
	GlobalSection(ProjectConfigurationPlatforms) = postSolution
		{FF7A8985-A239-4383-B08B-50D045FC0DBC}.Debug|Any CPU.ActiveCfg = Debug|Any CPU
		{FF7A8985-A239-4383-B08B-50D045FC0DBC}.Debug|Any CPU.Build.0 = Debug|Any CPU
		{FF7A8985-A239-4383-B08B-50D045FC0DBC}.Release|Any CPU.ActiveCfg = Release|Any CPU
		{FF7A8985-A239-4383-B08B-50D045FC0DBC}.Release|Any CPU.Build.0 = Release|Any CPU
	EndGlobalSection
	GlobalSection(SolutionProperties) = preSolution
		HideSolutionNode = FALSE
	EndGlobalSection
	GlobalSection(ExtensibilityGlobals) = postSolution
		SolutionGuid = {E0C0D0D4-2E0A-463D-AF79-7137BF8D467E}
	EndGlobalSection
EndGlobal
